// !$*UTF8*$!
{
	archiveVersion = 1;
	classes = {
	};
	objectVersion = 55;
	objects = {

/* Begin PBXFileReference section */
		7139590F27CF6DCB00A834B8 /* String Keys.playground */ = {isa = PBXFileReference; lastKnownFileType = file.playground; path = "String Keys.playground"; sourceTree = "<group>"; xcLanguageSpecificationIdentifier = xcode.lang.swift; };
		717C107927C8CA9600CECDF8 /* BinarySearch.playground */ = {isa = PBXFileReference; lastKnownFileType = file.playground; path = BinarySearch.playground; sourceTree = "<group>"; xcLanguageSpecificationIdentifier = xcode.lang.swift; };
		717C107B27C8D15900CECDF8 /* Quick Sort.playground */ = {isa = PBXFileReference; lastKnownFileType = file.playground; path = "Quick Sort.playground"; sourceTree = "<group>"; xcLanguageSpecificationIdentifier = xcode.lang.swift; };
		717C107D27C8D98600CECDF8 /* Dictionaries.playground */ = {isa = PBXFileReference; lastKnownFileType = file.playground; path = Dictionaries.playground; sourceTree = "<group>"; xcLanguageSpecificationIdentifier = xcode.lang.swift; };
		71CD3FC927C8C5F100A5D9DB /* Recursion.playground */ = {isa = PBXFileReference; lastKnownFileType = file.playground; path = Recursion.playground; sourceTree = "<group>"; xcLanguageSpecificationIdentifier = xcode.lang.swift; };
/* End PBXFileReference section */

/* Begin PBXGroup section */
		717C107A27C8CAA300CECDF8 /* Sorting */ = {
			isa = PBXGroup;
			children = (
				717C107B27C8D15900CECDF8 /* Quick Sort.playground */,
			);
			path = Sorting;
			sourceTree = "<group>";
		};
		717C107C27C8D30900CECDF8 /* Maps and Hashing */ = {
			isa = PBXGroup;
			children = (
				717C107D27C8D98600CECDF8 /* Dictionaries.playground */,
				7139590F27CF6DCB00A834B8 /* String Keys.playground */,
			);
			path = "Maps and Hashing";
			sourceTree = "<group>";
		};
		71CD3FC027C8C2DF00A5D9DB = {
			isa = PBXGroup;
			children = (
				71CD3FC827C8C42A00A5D9DB /* Searching and Sorting */,
				717C107C27C8D30900CECDF8 /* Maps and Hashing */,
			);
			sourceTree = "<group>";
		};
		71CD3FC827C8C42A00A5D9DB /* Searching and Sorting */ = {
			isa = PBXGroup;
			children = (
				71CD3FCA27C8CA6700A5D9DB /* Searching */,
				717C107A27C8CAA300CECDF8 /* Sorting */,
			);
			path = "Searching and Sorting";
			sourceTree = "<group>";
		};
		71CD3FCA27C8CA6700A5D9DB /* Searching */ = {
			isa = PBXGroup;
			children = (
				71CD3FC927C8C5F100A5D9DB /* Recursion.playground */,
				717C107927C8CA9600CECDF8 /* BinarySearch.playground */,
			);
			path = Searching;
			sourceTree = "<group>";
		};
/* End PBXGroup section */

/* Begin PBXProject section */
		71CD3FC127C8C2DF00A5D9DB /* Project object */ = {
			isa = PBXProject;
			attributes = {
				BuildIndependentTargetsInParallel = 1;
				LastUpgradeCheck = 1320;
			};
			buildConfigurationList = 71CD3FC427C8C2DF00A5D9DB /* Build configuration list for PBXProject "Swift Data Structures & Algorithms" */;
			compatibilityVersion = "Xcode 13.0";
			developmentRegion = en;
			hasScannedForEncodings = 0;
			knownRegions = (
				en,
				Base,
			);
			mainGroup = 71CD3FC027C8C2DF00A5D9DB;
			projectDirPath = "";
			projectRoot = "";
			targets = (
			);
		};
/* End PBXProject section */

/* Begin XCBuildConfiguration section */
		71CD3FC527C8C2DF00A5D9DB /* Debug */ = {
			isa = XCBuildConfiguration;
			buildSettings = {
			};
			name = Debug;
		};
		71CD3FC627C8C2DF00A5D9DB /* Release */ = {
			isa = XCBuildConfiguration;
			buildSettings = {
			};
			name = Release;
		};
/* End XCBuildConfiguration section */

/* Begin XCConfigurationList section */
		71CD3FC427C8C2DF00A5D9DB /* Build configuration list for PBXProject "Swift Data Structures & Algorithms" */ = {
			isa = XCConfigurationList;
			buildConfigurations = (
				71CD3FC527C8C2DF00A5D9DB /* Debug */,
				71CD3FC627C8C2DF00A5D9DB /* Release */,
			);
			defaultConfigurationIsVisible = 0;
			defaultConfigurationName = Release;
		};
/* End XCConfigurationList section */
	};
	rootObject = 71CD3FC127C8C2DF00A5D9DB /* Project object */;
}
